<?xml version="1.0" encoding="utf-8"?>
<Project ToolsVersion="4.0" xmlns="http://schemas.microsoft.com/developer/msbuild/2003">
  <ItemGroup>
    <ClCompile Include="..\..\source\App.cpp" />
    <ClCompile Include="..\..\source\framework\BaseApp.cpp">
      <Filter>framework</Filter>
    </ClCompile>
    <ClCompile Include="..\..\source\framework\ParticleSystem.cpp">
      <Filter>framework</Filter>
    </ClCompile>
    <ClCompile Include="..\..\source\framework\Vector.cpp">
      <Filter>framework</Filter>
    </ClCompile>
    <ClCompile Include="..\..\source\framework\Model.cpp">
      <Filter>framework</Filter>
    </ClCompile>
    <ClCompile Include="..\..\source\framework\external\sokol.c">
      <Filter>framework\external</Filter>
    </ClCompile>
    <ClCompile Include="..\..\source\framework\Image.cpp">
      <Filter>framework</Filter>
    </ClCompile>
  </ItemGroup>
  <ItemGroup>
    <ClInclude Include="..\..\source\App.h" />
    <ClInclude Include="..\..\source\framework\BaseApp.h">
      <Filter>framework</Filter>
    </ClInclude>
    <ClInclude Include="..\..\source\framework\ParticleSystem.h">
      <Filter>framework</Filter>
    </ClInclude>
    <ClInclude Include="..\..\source\framework\Vector.h">
      <Filter>framework</Filter>
    </ClInclude>
    <ClInclude Include="..\..\source\framework\Model.h">
      <Filter>framework</Filter>
    </ClInclude>
    <ClInclude Include="..\..\source\framework\external\sokol_app.h">
      <Filter>framework\external</Filter>
    </ClInclude>
    <ClInclude Include="..\..\source\framework\external\sokol_gfx.h">
      <Filter>framework\external</Filter>
    </ClInclude>
    <ClInclude Include="..\..\source\framework\external\sokol_glue.h">
      <Filter>framework\external</Filter>
    </ClInclude>
    <ClInclude Include="..\..\source\framework\external\sokol_time.h">
      <Filter>framework\external</Filter>
    </ClInclude>
    <ClInclude Include="..\..\source\framework\external\stb_image.h">
      <Filter>framework\external</Filter>
    </ClInclude>
    <ClInclude Include="..\..\source\framework\Image.h">
      <Filter>framework</Filter>
    </ClInclude>
    <ClInclude Include="..\..\source\framework\external\sokol_gl.h">
      <Filter>framework\external</Filter>
    </ClInclude>
  </ItemGroup>
  <ItemGroup>
    <Filter Include="framework">
      <UniqueIdentifier>{b0abcdb8-ca41-43e9-84d1-268bf9419f1c}</UniqueIdentifier>
    </Filter>
    <Filter Include="framework\external">
      <UniqueIdentifier>{b2dbf1c7-a0eb-45b3-90e4-1a5b918dd243}</UniqueIdentifier>
    </Filter>
  </ItemGroup>
</Project>